
Microsoft Visual Studio Solution File, Format Version 12.00
# Visual Studio Version 16
VisualStudioVersion = 16.0.30406.217
MinimumVisualStudioVersion = 10.0.40219.1
Project("{FAE04EC0-301F-11D3-BF4B-00C04F79EFBC}") = "OrderProcess", "OrderProcess\OrderProcess.csproj", "{F887CC6B-A3B3-4324-BBCC-772CECC06B20}"
EndProject
Project("{FAE04EC0-301F-11D3-BF4B-00C04F79EFBC}") = "OrderProcessTests", "OrderProcessTests\OrderProcessTests.csproj", "{5044CAC6-3865-43CD-8789-A0D1DBF61328}"
EndProject
Global
	GlobalSection(SolutionConfigurationPlatforms) = preSolution
		Debug|Any CPU = Debug|Any CPU
		Release|Any CPU = Release|Any CPU
	EndGlobalSection
	GlobalSection(ProjectConfigurationPlatforms) = postSolution
		{F887CC6B-A3B3-4324-BBCC-772CECC06B20}.Debug|Any CPU.ActiveCfg = Debug|Any CPU
		{F887CC6B-A3B3-4324-BBCC-772CECC06B20}.Debug|Any CPU.Build.0 = Debug|Any CPU
		{F887CC6B-A3B3-4324-BBCC-772CECC06B20}.Release|Any CPU.ActiveCfg = Release|Any CPU
		{F887CC6B-A3B3-4324-BBCC-772CECC06B20}.Release|Any CPU.Build.0 = Release|Any CPU
		{5044CAC6-3865-43CD-8789-A0D1DBF61328}.Debug|Any CPU.ActiveCfg = Debug|Any CPU
		{5044CAC6-3865-43CD-8789-A0D1DBF61328}.Debug|Any CPU.Build.0 = Debug|Any CPU
		{5044CAC6-3865-43CD-8789-A0D1DBF61328}.Release|Any CPU.ActiveCfg = Release|Any CPU
		{5044CAC6-3865-43CD-8789-A0D1DBF61328}.Release|Any CPU.Build.0 = Release|Any CPU
	EndGlobalSection
	GlobalSection(SolutionProperties) = preSolution
		HideSolutionNode = FALSE
	EndGlobalSection
	GlobalSection(ExtensibilityGlobals) = postSolution
		SolutionGuid = {0ED1951B-E503-4C1D-9A78-F35899C9C88B}
	EndGlobalSection
EndGlobal
